
Microsoft Visual Studio Solution File, Format Version 12.00
# Visual Studio Version 16
VisualStudioVersion = 16.0.32407.337
MinimumVisualStudioVersion = 10.0.40219.1
Project("{FAE04EC0-301F-11D3-BF4B-00C04F79EFBC}") = "Ultracar", "Ultracar\Ultracar.csproj", "{29E07914-90DD-423C-84EC-B7744C1A2A26}"
EndProject
Project("{FAE04EC0-301F-11D3-BF4B-00C04F79EFBC}") = "UltracarWebAPI", "UltracarWebAPI\UltracarWebAPI.csproj", "{99A19B6B-B7E2-4C87-A1F5-DF2B4A7F47DF}"
EndProject
Global
	GlobalSection(SolutionConfigurationPlatforms) = preSolution
		Debug|Any CPU = Debug|Any CPU
		Release|Any CPU = Release|Any CPU
	EndGlobalSection
	GlobalSection(ProjectConfigurationPlatforms) = postSolution
		{29E07914-90DD-423C-84EC-B7744C1A2A26}.Debug|Any CPU.ActiveCfg = Debug|Any CPU
		{29E07914-90DD-423C-84EC-B7744C1A2A26}.Debug|Any CPU.Build.0 = Debug|Any CPU
		{29E07914-90DD-423C-84EC-B7744C1A2A26}.Release|Any CPU.ActiveCfg = Release|Any CPU
		{29E07914-90DD-423C-84EC-B7744C1A2A26}.Release|Any CPU.Build.0 = Release|Any CPU
		{99A19B6B-B7E2-4C87-A1F5-DF2B4A7F47DF}.Debug|Any CPU.ActiveCfg = Debug|Any CPU
		{99A19B6B-B7E2-4C87-A1F5-DF2B4A7F47DF}.Debug|Any CPU.Build.0 = Debug|Any CPU
		{99A19B6B-B7E2-4C87-A1F5-DF2B4A7F47DF}.Release|Any CPU.ActiveCfg = Release|Any CPU
		{99A19B6B-B7E2-4C87-A1F5-DF2B4A7F47DF}.Release|Any CPU.Build.0 = Release|Any CPU
	EndGlobalSection
	GlobalSection(SolutionProperties) = preSolution
		HideSolutionNode = FALSE
	EndGlobalSection
	GlobalSection(ExtensibilityGlobals) = postSolution
		SolutionGuid = {82BF4937-FA3A-495A-BDAD-EDF1072C41AD}
	EndGlobalSection
EndGlobal
